
Microsoft Visual Studio Solution File, Format Version 12.00
# Visual Studio Version 17
VisualStudioVersion = 17.11.35222.181
MinimumVisualStudioVersion = 10.0.40219.1
Project("{FAE04EC0-301F-11D3-BF4B-00C04F79EFBC}") = "WebApplication2", "WebApplication2\WebApplication2.csproj", "{66435E43-7737-444D-A988-19E4DED483B4}"
EndProject
Global
	GlobalSection(SolutionConfigurationPlatforms) = preSolution
		Debug|Any CPU = Debug|Any CPU
		Release|Any CPU = Release|Any CPU
	EndGlobalSection
	GlobalSection(ProjectConfigurationPlatforms) = postSolution
		{66435E43-7737-444D-A988-19E4DED483B4}.Debug|Any CPU.ActiveCfg = Debug|Any CPU
		{66435E43-7737-444D-A988-19E4DED483B4}.Debug|Any CPU.Build.0 = Debug|Any CPU
		{66435E43-7737-444D-A988-19E4DED483B4}.Release|Any CPU.ActiveCfg = Release|Any CPU
		{66435E43-7737-444D-A988-19E4DED483B4}.Release|Any CPU.Build.0 = Release|Any CPU
	EndGlobalSection
	GlobalSection(SolutionProperties) = preSolution
		HideSolutionNode = FALSE
	EndGlobalSection
	GlobalSection(ExtensibilityGlobals) = postSolution
		SolutionGuid = {186285AB-184C-4ACB-A164-F8315EC23FBA}
	EndGlobalSection
EndGlobal
